
Microsoft Visual Studio Solution File, Format Version 12.00
# Visual Studio Version 17
VisualStudioVersion = 17.4.33403.182
MinimumVisualStudioVersion = 10.0.40219.1
Project("{9A19103F-16F7-4668-BE54-9A1E7A4F7556}") = "ManishsBookStore", "ManishsBookStore\ManishsBookStore.csproj", "{38DDBF08-EF27-4FA8-BB3F-4D26AF62B6F5}"
EndProject
Project("{FAE04EC0-301F-11D3-BF4B-00C04F79EFBC}") = "ManishsBooks.DataAccess", "ManishsBooks.DataAccess\ManishsBooks.DataAccess.csproj", "{571EA41F-94F3-41E7-AA7B-3DC640ED54F5}"
EndProject
Project("{FAE04EC0-301F-11D3-BF4B-00C04F79EFBC}") = "ManishsBooks.Models", "ManishsBooks.Models\ManishsBooks.Models.csproj", "{55F4E6EE-687D-47F4-A18A-CD28E0DBCDF9}"
EndProject
Project("{FAE04EC0-301F-11D3-BF4B-00C04F79EFBC}") = "ManishsBooks.Utility", "ManishsBooks.Utility\ManishsBooks.Utility.csproj", "{32249717-330A-45AC-9602-CB72E51F57A8}"
EndProject
Global
	GlobalSection(SolutionConfigurationPlatforms) = preSolution
		Debug|Any CPU = Debug|Any CPU
		Release|Any CPU = Release|Any CPU
	EndGlobalSection
	GlobalSection(ProjectConfigurationPlatforms) = postSolution
		{38DDBF08-EF27-4FA8-BB3F-4D26AF62B6F5}.Debug|Any CPU.ActiveCfg = Debug|Any CPU
		{38DDBF08-EF27-4FA8-BB3F-4D26AF62B6F5}.Debug|Any CPU.Build.0 = Debug|Any CPU
		{38DDBF08-EF27-4FA8-BB3F-4D26AF62B6F5}.Release|Any CPU.ActiveCfg = Release|Any CPU
		{38DDBF08-EF27-4FA8-BB3F-4D26AF62B6F5}.Release|Any CPU.Build.0 = Release|Any CPU
		{571EA41F-94F3-41E7-AA7B-3DC640ED54F5}.Debug|Any CPU.ActiveCfg = Debug|Any CPU
		{571EA41F-94F3-41E7-AA7B-3DC640ED54F5}.Debug|Any CPU.Build.0 = Debug|Any CPU
		{571EA41F-94F3-41E7-AA7B-3DC640ED54F5}.Release|Any CPU.ActiveCfg = Release|Any CPU
		{571EA41F-94F3-41E7-AA7B-3DC640ED54F5}.Release|Any CPU.Build.0 = Release|Any CPU
		{55F4E6EE-687D-47F4-A18A-CD28E0DBCDF9}.Debug|Any CPU.ActiveCfg = Debug|Any CPU
		{55F4E6EE-687D-47F4-A18A-CD28E0DBCDF9}.Debug|Any CPU.Build.0 = Debug|Any CPU
		{55F4E6EE-687D-47F4-A18A-CD28E0DBCDF9}.Release|Any CPU.ActiveCfg = Release|Any CPU
		{55F4E6EE-687D-47F4-A18A-CD28E0DBCDF9}.Release|Any CPU.Build.0 = Release|Any CPU
		{32249717-330A-45AC-9602-CB72E51F57A8}.Debug|Any CPU.ActiveCfg = Debug|Any CPU
		{32249717-330A-45AC-9602-CB72E51F57A8}.Debug|Any CPU.Build.0 = Debug|Any CPU
		{32249717-330A-45AC-9602-CB72E51F57A8}.Release|Any CPU.ActiveCfg = Release|Any CPU
		{32249717-330A-45AC-9602-CB72E51F57A8}.Release|Any CPU.Build.0 = Release|Any CPU
	EndGlobalSection
	GlobalSection(SolutionProperties) = preSolution
		HideSolutionNode = FALSE
	EndGlobalSection
	GlobalSection(ExtensibilityGlobals) = postSolution
		SolutionGuid = {9C643B7E-2809-4D22-9DCA-5BCBDD65EA65}
	EndGlobalSection
EndGlobal
